
Microsoft Visual Studio Solution File, Format Version 12.00
# Visual Studio Version 17
VisualStudioVersion = 17.13.35919.96 d17.13
MinimumVisualStudioVersion = 10.0.40219.1
Project("{FAE04EC0-301F-11D3-BF4B-00C04F79EFBC}") = "Searchera", "Searchera\Searchera.csproj", "{B78DB429-C426-4F6B-A69B-71D263FC498E}"
EndProject
Global
	GlobalSection(SolutionConfigurationPlatforms) = preSolution
		Debug|Any CPU = Debug|Any CPU
		Release|Any CPU = Release|Any CPU
	EndGlobalSection
	GlobalSection(ProjectConfigurationPlatforms) = postSolution
		{B78DB429-C426-4F6B-A69B-71D263FC498E}.Debug|Any CPU.ActiveCfg = Debug|Any CPU
		{B78DB429-C426-4F6B-A69B-71D263FC498E}.Debug|Any CPU.Build.0 = Debug|Any CPU
		{B78DB429-C426-4F6B-A69B-71D263FC498E}.Release|Any CPU.ActiveCfg = Release|Any CPU
		{B78DB429-C426-4F6B-A69B-71D263FC498E}.Release|Any CPU.Build.0 = Release|Any CPU
	EndGlobalSection
	GlobalSection(SolutionProperties) = preSolution
		HideSolutionNode = FALSE
	EndGlobalSection
	GlobalSection(ExtensibilityGlobals) = postSolution
		SolutionGuid = {6DF5381B-FCCB-4291-93DB-C964D8A389CA}
	EndGlobalSection
EndGlobal
